
Microsoft Visual Studio Solution File, Format Version 12.00
# Visual Studio Version 17
VisualStudioVersion = 17.5.002.0
MinimumVisualStudioVersion = 10.0.40219.1
Project("{9A19103F-16F7-4668-BE54-9A1E7A4F7556}") = "mongo-dotnet", "mongo-dotnet.csproj", "{EF790A99-4DA6-413C-9D2F-061B3E6D482F}"
EndProject
Project("{FAE04EC0-301F-11D3-BF4B-00C04F79EFBC}") = "mongo-dotnet.tests", "..\mongo-dotnet.tests\mongo-dotnet.tests.csproj", "{EB4EA78E-5E28-4D9E-901B-6F30F2B0C487}"
EndProject
Global
	GlobalSection(SolutionConfigurationPlatforms) = preSolution
		Debug|Any CPU = Debug|Any CPU
		Release|Any CPU = Release|Any CPU
	EndGlobalSection
	GlobalSection(ProjectConfigurationPlatforms) = postSolution
		{EF790A99-4DA6-413C-9D2F-061B3E6D482F}.Debug|Any CPU.ActiveCfg = Debug|Any CPU
		{EF790A99-4DA6-413C-9D2F-061B3E6D482F}.Debug|Any CPU.Build.0 = Debug|Any CPU
		{EF790A99-4DA6-413C-9D2F-061B3E6D482F}.Release|Any CPU.ActiveCfg = Release|Any CPU
		{EF790A99-4DA6-413C-9D2F-061B3E6D482F}.Release|Any CPU.Build.0 = Release|Any CPU
		{EB4EA78E-5E28-4D9E-901B-6F30F2B0C487}.Debug|Any CPU.ActiveCfg = Debug|Any CPU
		{EB4EA78E-5E28-4D9E-901B-6F30F2B0C487}.Debug|Any CPU.Build.0 = Debug|Any CPU
		{EB4EA78E-5E28-4D9E-901B-6F30F2B0C487}.Release|Any CPU.ActiveCfg = Release|Any CPU
		{EB4EA78E-5E28-4D9E-901B-6F30F2B0C487}.Release|Any CPU.Build.0 = Release|Any CPU
	EndGlobalSection
	GlobalSection(SolutionProperties) = preSolution
		HideSolutionNode = FALSE
	EndGlobalSection
	GlobalSection(ExtensibilityGlobals) = postSolution
		SolutionGuid = {C47076E9-2B97-46FE-9C0F-ADB561EA5A81}
	EndGlobalSection
EndGlobal
